// !$*UTF8*$!
{
	archiveVersion = 1;
	classes = {
	};
	objectVersion = 56;
	objects = {

/* Begin PBXBuildFile section */
		C477E4AE2943FA96002784A1 /* AppDelegate.swift in Sources */ = {isa = PBXBuildFile; fileRef = C477E4AD2943FA96002784A1 /* AppDelegate.swift */; };
		C477E4B02943FA96002784A1 /* SceneDelegate.swift in Sources */ = {isa = PBXBuildFile; fileRef = C477E4AF2943FA96002784A1 /* SceneDelegate.swift */; };
		C477E4B22943FA96002784A1 /* ViewController.swift in Sources */ = {isa = PBXBuildFile; fileRef = C477E4B12943FA96002784A1 /* ViewController.swift */; };
		C477E4B52943FA96002784A1 /* Main.storyboard in Resources */ = {isa = PBXBuildFile; fileRef = C477E4B32943FA96002784A1 /* Main.storyboard */; };
		C477E4B72943FA98002784A1 /* Assets.xcassets in Resources */ = {isa = PBXBuildFile; fileRef = C477E4B62943FA98002784A1 /* Assets.xcassets */; };
		C477E4BA2943FA98002784A1 /* LaunchScreen.storyboard in Resources */ = {isa = PBXBuildFile; fileRef = C477E4B82943FA98002784A1 /* LaunchScreen.storyboard */; };
		C477E4CC2943FC6F002784A1 /* nssl0049.jpg in Resources */ = {isa = PBXBuildFile; fileRef = C477E4C22943FC6F002784A1 /* nssl0049.jpg */; };
		C477E4CD2943FC6F002784A1 /* nssl0046.jpg in Resources */ = {isa = PBXBuildFile; fileRef = C477E4C32943FC6F002784A1 /* nssl0046.jpg */; };
		C477E4CE2943FC6F002784A1 /* nssl0091.jpg in Resources */ = {isa = PBXBuildFile; fileRef = C477E4C42943FC6F002784A1 /* nssl0091.jpg */; };
		C477E4CF2943FC6F002784A1 /* nssl0045.jpg in Resources */ = {isa = PBXBuildFile; fileRef = C477E4C52943FC6F002784A1 /* nssl0045.jpg */; };
		C477E4D02943FC6F002784A1 /* nssl0051.jpg in Resources */ = {isa = PBXBuildFile; fileRef = C477E4C62943FC6F002784A1 /* nssl0051.jpg */; };
		C477E4D12943FC6F002784A1 /* nssl0041.jpg in Resources */ = {isa = PBXBuildFile; fileRef = C477E4C72943FC6F002784A1 /* nssl0041.jpg */; };
		C477E4D22943FC6F002784A1 /* nssl0042.jpg in Resources */ = {isa = PBXBuildFile; fileRef = C477E4C82943FC6F002784A1 /* nssl0042.jpg */; };
		C477E4D32943FC6F002784A1 /* nssl0043.jpg in Resources */ = {isa = PBXBuildFile; fileRef = C477E4C92943FC6F002784A1 /* nssl0043.jpg */; };
		C477E4D42943FC6F002784A1 /* nssl0033.jpg in Resources */ = {isa = PBXBuildFile; fileRef = C477E4CA2943FC6F002784A1 /* nssl0033.jpg */; };
		C477E4D52943FC6F002784A1 /* nssl0034.jpg in Resources */ = {isa = PBXBuildFile; fileRef = C477E4CB2943FC6F002784A1 /* nssl0034.jpg */; };
		C477E4D7294402D1002784A1 /* DetailViewController.swift in Sources */ = {isa = PBXBuildFile; fileRef = C477E4D6294402D1002784A1 /* DetailViewController.swift */; };
/* End PBXBuildFile section */

/* Begin PBXFileReference section */
		C477E4AA2943FA96002784A1 /* StormViewer.app */ = {isa = PBXFileReference; explicitFileType = wrapper.application; includeInIndex = 0; path = StormViewer.app; sourceTree = BUILT_PRODUCTS_DIR; };
		C477E4AD2943FA96002784A1 /* AppDelegate.swift */ = {isa = PBXFileReference; lastKnownFileType = sourcecode.swift; path = AppDelegate.swift; sourceTree = "<group>"; };
		C477E4AF2943FA96002784A1 /* SceneDelegate.swift */ = {isa = PBXFileReference; lastKnownFileType = sourcecode.swift; path = SceneDelegate.swift; sourceTree = "<group>"; };
		C477E4B12943FA96002784A1 /* ViewController.swift */ = {isa = PBXFileReference; lastKnownFileType = sourcecode.swift; path = ViewController.swift; sourceTree = "<group>"; };
		C477E4B42943FA96002784A1 /* Base */ = {isa = PBXFileReference; lastKnownFileType = file.storyboard; name = Base; path = Base.lproj/Main.storyboard; sourceTree = "<group>"; };
		C477E4B62943FA98002784A1 /* Assets.xcassets */ = {isa = PBXFileReference; lastKnownFileType = folder.assetcatalog; path = Assets.xcassets; sourceTree = "<group>"; };
		C477E4B92943FA98002784A1 /* Base */ = {isa = PBXFileReference; lastKnownFileType = file.storyboard; name = Base; path = Base.lproj/LaunchScreen.storyboard; sourceTree = "<group>"; };
		C477E4BB2943FA98002784A1 /* Info.plist */ = {isa = PBXFileReference; lastKnownFileType = text.plist.xml; path = Info.plist; sourceTree = "<group>"; };
		C477E4C22943FC6F002784A1 /* nssl0049.jpg */ = {isa = PBXFileReference; lastKnownFileType = image.jpeg; path = nssl0049.jpg; sourceTree = "<group>"; };
		C477E4C32943FC6F002784A1 /* nssl0046.jpg */ = {isa = PBXFileReference; lastKnownFileType = image.jpeg; path = nssl0046.jpg; sourceTree = "<group>"; };
		C477E4C42943FC6F002784A1 /* nssl0091.jpg */ = {isa = PBXFileReference; lastKnownFileType = image.jpeg; path = nssl0091.jpg; sourceTree = "<group>"; };
		C477E4C52943FC6F002784A1 /* nssl0045.jpg */ = {isa = PBXFileReference; lastKnownFileType = image.jpeg; path = nssl0045.jpg; sourceTree = "<group>"; };
		C477E4C62943FC6F002784A1 /* nssl0051.jpg */ = {isa = PBXFileReference; lastKnownFileType = image.jpeg; path = nssl0051.jpg; sourceTree = "<group>"; };
		C477E4C72943FC6F002784A1 /* nssl0041.jpg */ = {isa = PBXFileReference; lastKnownFileType = image.jpeg; path = nssl0041.jpg; sourceTree = "<group>"; };
		C477E4C82943FC6F002784A1 /* nssl0042.jpg */ = {isa = PBXFileReference; lastKnownFileType = image.jpeg; path = nssl0042.jpg; sourceTree = "<group>"; };
		C477E4C92943FC6F002784A1 /* nssl0043.jpg */ = {isa = PBXFileReference; lastKnownFileType = image.jpeg; path = nssl0043.jpg; sourceTree = "<group>"; };
		C477E4CA2943FC6F002784A1 /* nssl0033.jpg */ = {isa = PBXFileReference; lastKnownFileType = image.jpeg; path = nssl0033.jpg; sourceTree = "<group>"; };
		C477E4CB2943FC6F002784A1 /* nssl0034.jpg */ = {isa = PBXFileReference; lastKnownFileType = image.jpeg; path = nssl0034.jpg; sourceTree = "<group>"; };
		C477E4D6294402D1002784A1 /* DetailViewController.swift */ = {isa = PBXFileReference; lastKnownFileType = sourcecode.swift; path = DetailViewController.swift; sourceTree = "<group>"; };
/* End PBXFileReference section */

/* Begin PBXFrameworksBuildPhase section */
		C477E4A72943FA96002784A1 /* Frameworks */ = {
			isa = PBXFrameworksBuildPhase;
			buildActionMask = 2147483647;
			files = (
			);
			runOnlyForDeploymentPostprocessing = 0;
		};
/* End PBXFrameworksBuildPhase section */

/* Begin PBXGroup section */
		C477E4A12943FA96002784A1 = {
			isa = PBXGroup;
			children = (
				C477E4AC2943FA96002784A1 /* StormViewer */,
				C477E4AB2943FA96002784A1 /* Products */,
			);
			sourceTree = "<group>";
		};
		C477E4AB2943FA96002784A1 /* Products */ = {
			isa = PBXGroup;
			children = (
				C477E4AA2943FA96002784A1 /* StormViewer.app */,
			);
			name = Products;
			sourceTree = "<group>";
		};
		C477E4AC2943FA96002784A1 /* StormViewer */ = {
			isa = PBXGroup;
			children = (
				C477E4AD2943FA96002784A1 /* AppDelegate.swift */,
				C477E4AF2943FA96002784A1 /* SceneDelegate.swift */,
				C477E4B12943FA96002784A1 /* ViewController.swift */,
				C477E4D6294402D1002784A1 /* DetailViewController.swift */,
				C477E4B32943FA96002784A1 /* Main.storyboard */,
				C477E4B62943FA98002784A1 /* Assets.xcassets */,
				C477E4B82943FA98002784A1 /* LaunchScreen.storyboard */,
				C477E4BB2943FA98002784A1 /* Info.plist */,
				C477E4C12943FC6F002784A1 /* Content */,
			);
			path = StormViewer;
			sourceTree = "<group>";
		};
		C477E4C12943FC6F002784A1 /* Content */ = {
			isa = PBXGroup;
			children = (
				C477E4C22943FC6F002784A1 /* nssl0049.jpg */,
				C477E4C32943FC6F002784A1 /* nssl0046.jpg */,
				C477E4C42943FC6F002784A1 /* nssl0091.jpg */,
				C477E4C52943FC6F002784A1 /* nssl0045.jpg */,
				C477E4C62943FC6F002784A1 /* nssl0051.jpg */,
				C477E4C72943FC6F002784A1 /* nssl0041.jpg */,
				C477E4C82943FC6F002784A1 /* nssl0042.jpg */,
				C477E4C92943FC6F002784A1 /* nssl0043.jpg */,
				C477E4CA2943FC6F002784A1 /* nssl0033.jpg */,
				C477E4CB2943FC6F002784A1 /* nssl0034.jpg */,
			);
			path = Content;
			sourceTree = "<group>";
		};
/* End PBXGroup section */

/* Begin PBXNativeTarget section */
		C477E4A92943FA96002784A1 /* StormViewer */ = {
			isa = PBXNativeTarget;
			buildConfigurationList = C477E4BE2943FA98002784A1 /* Build configuration list for PBXNativeTarget "StormViewer" */;
			buildPhases = (
				C477E4A62943FA96002784A1 /* Sources */,
				C477E4A72943FA96002784A1 /* Frameworks */,
				C477E4A82943FA96002784A1 /* Resources */,
			);
			buildRules = (
			);
			dependencies = (
			);
			name = StormViewer;
			productName = StormViewer;
			productReference = C477E4AA2943FA96002784A1 /* StormViewer.app */;
			productType = "com.apple.product-type.application";
		};
/* End PBXNativeTarget section */

/* Begin PBXProject section */
		C477E4A22943FA96002784A1 /* Project object */ = {
			isa = PBXProject;
			attributes = {
				BuildIndependentTargetsInParallel = 1;
				LastSwiftUpdateCheck = 1410;
				LastUpgradeCheck = 1410;
				TargetAttributes = {
					C477E4A92943FA96002784A1 = {
						CreatedOnToolsVersion = 14.1;
					};
				};
			};
			buildConfigurationList = C477E4A52943FA96002784A1 /* Build configuration list for PBXProject "StormViewer" */;
			compatibilityVersion = "Xcode 14.0";
			developmentRegion = en;
			hasScannedForEncodings = 0;
			knownRegions = (
				en,
				Base,
			);
			mainGroup = C477E4A12943FA96002784A1;
			productRefGroup = C477E4AB2943FA96002784A1 /* Products */;
			projectDirPath = "";
			projectRoot = "";
			targets = (
				C477E4A92943FA96002784A1 /* StormViewer */,
			);
		};
/* End PBXProject section */

/* Begin PBXResourcesBuildPhase section */
		C477E4A82943FA96002784A1 /* Resources */ = {
			isa = PBXResourcesBuildPhase;
			buildActionMask = 2147483647;
			files = (
				C477E4CD2943FC6F002784A1 /* nssl0046.jpg in Resources */,
				C477E4D42943FC6F002784A1 /* nssl0033.jpg in Resources */,
				C477E4D02943FC6F002784A1 /* nssl0051.jpg in Resources */,
				C477E4CE2943FC6F002784A1 /* nssl0091.jpg in Resources */,
				C477E4D32943FC6F002784A1 /* nssl0043.jpg in Resources */,
				C477E4D52943FC6F002784A1 /* nssl0034.jpg in Resources */,
				C477E4CC2943FC6F002784A1 /* nssl0049.jpg in Resources */,
				C477E4D12943FC6F002784A1 /* nssl0041.jpg in Resources */,
				C477E4D22943FC6F002784A1 /* nssl0042.jpg in Resources */,
				C477E4BA2943FA98002784A1 /* LaunchScreen.storyboard in Resources */,
				C477E4B72943FA98002784A1 /* Assets.xcassets in Resources */,
				C477E4CF2943FC6F002784A1 /* nssl0045.jpg in Resources */,
				C477E4B52943FA96002784A1 /* Main.storyboard in Resources */,
			);
			runOnlyForDeploymentPostprocessing = 0;
		};
/* End PBXResourcesBuildPhase section */

/* Begin PBXSourcesBuildPhase section */
		C477E4A62943FA96002784A1 /* Sources */ = {
			isa = PBXSourcesBuildPhase;
			buildActionMask = 2147483647;
			files = (
				C477E4B22943FA96002784A1 /* ViewController.swift in Sources */,
				C477E4AE2943FA96002784A1 /* AppDelegate.swift in Sources */,
				C477E4B02943FA96002784A1 /* SceneDelegate.swift in Sources */,
				C477E4D7294402D1002784A1 /* DetailViewController.swift in Sources */,
			);
			runOnlyForDeploymentPostprocessing = 0;
		};
/* End PBXSourcesBuildPhase section */

/* Begin PBXVariantGroup section */
		C477E4B32943FA96002784A1 /* Main.storyboard */ = {
			isa = PBXVariantGroup;
			children = (
				C477E4B42943FA96002784A1 /* Base */,
			);
			name = Main.storyboard;
			sourceTree = "<group>";
		};
		C477E4B82943FA98002784A1 /* LaunchScreen.storyboard */ = {
			isa = PBXVariantGroup;
			children = (
				C477E4B92943FA98002784A1 /* Base */,
			);
			name = LaunchScreen.storyboard;
			sourceTree = "<group>";
		};
/* End PBXVariantGroup section */

/* Begin XCBuildConfiguration section */
		C477E4BC2943FA98002784A1 /* Debug */ = {
			isa = XCBuildConfiguration;
			buildSettings = {
				ALWAYS_SEARCH_USER_PATHS = NO;
				CLANG_ANALYZER_NONNULL = YES;
				CLANG_ANALYZER_NUMBER_OBJECT_CONVERSION = YES_AGGRESSIVE;
				CLANG_CXX_LANGUAGE_STANDARD = "gnu++20";
				CLANG_ENABLE_MODULES = YES;
				CLANG_ENABLE_OBJC_ARC = YES;
				CLANG_ENABLE_OBJC_WEAK = YES;
				CLANG_WARN_BLOCK_CAPTURE_AUTORELEASING = YES;
				CLANG_WARN_BOOL_CONVERSION = YES;
				CLANG_WARN_COMMA = YES;
				CLANG_WARN_CONSTANT_CONVERSION = YES;
				CLANG_WARN_DEPRECATED_OBJC_IMPLEMENTATIONS = YES;
				CLANG_WARN_DIRECT_OBJC_ISA_USAGE = YES_ERROR;
				CLANG_WARN_DOCUMENTATION_COMMENTS = YES;
				CLANG_WARN_EMPTY_BODY = YES;
				CLANG_WARN_ENUM_CONVERSION = YES;
				CLANG_WARN_INFINITE_RECURSION = YES;
				CLANG_WARN_INT_CONVERSION = YES;
				CLANG_WARN_NON_LITERAL_NULL_CONVERSION = YES;
				CLANG_WARN_OBJC_IMPLICIT_RETAIN_SELF = YES;
				CLANG_WARN_OBJC_LITERAL_CONVERSION = YES;
				CLANG_WARN_OBJC_ROOT_CLASS = YES_ERROR;
				CLANG_WARN_QUOTED_INCLUDE_IN_FRAMEWORK_HEADER = YES;
				CLANG_WARN_RANGE_LOOP_ANALYSIS = YES;
				CLANG_WARN_STRICT_PROTOTYPES = YES;
				CLANG_WARN_SUSPICIOUS_MOVE = YES;
				CLANG_WARN_UNGUARDED_AVAILABILITY = YES_AGGRESSIVE;
				CLANG_WARN_UNREACHABLE_CODE = YES;
				CLANG_WARN__DUPLICATE_METHOD_MATCH = YES;
				COPY_PHASE_STRIP = NO;
				DEBUG_INFORMATION_FORMAT = dwarf;
				ENABLE_STRICT_OBJC_MSGSEND = YES;
				ENABLE_TESTABILITY = YES;
				GCC_C_LANGUAGE_STANDARD = gnu11;
				GCC_DYNAMIC_NO_PIC = NO;
				GCC_NO_COMMON_BLOCKS = YES;
				GCC_OPTIMIZATION_LEVEL = 0;
				GCC_PREPROCESSOR_DEFINITIONS = (
					"DEBUG=1",
					"$(inherited)",
				);
				GCC_WARN_64_TO_32_BIT_CONVERSION = YES;
				GCC_WARN_ABOUT_RETURN_TYPE = YES_ERROR;
				GCC_WARN_UNDECLARED_SELECTOR = YES;
				GCC_WARN_UNINITIALIZED_AUTOS = YES_AGGRESSIVE;
				GCC_WARN_UNUSED_FUNCTION = YES;
				GCC_WARN_UNUSED_VARIABLE = YES;
				IPHONEOS_DEPLOYMENT_TARGET = 16.1;
				MTL_ENABLE_DEBUG_INFO = INCLUDE_SOURCE;
				MTL_FAST_MATH = YES;
				ONLY_ACTIVE_ARCH = YES;
				SDKROOT = iphoneos;
				SWIFT_ACTIVE_COMPILATION_CONDITIONS = DEBUG;
				SWIFT_OPTIMIZATION_LEVEL = "-Onone";
			};
			name = Debug;
		};
		C477E4BD2943FA98002784A1 /* Release */ = {
			isa = XCBuildConfiguration;
			buildSettings = {
				ALWAYS_SEARCH_USER_PATHS = NO;
				CLANG_ANALYZER_NONNULL = YES;
				CLANG_ANALYZER_NUMBER_OBJECT_CONVERSION = YES_AGGRESSIVE;
				CLANG_CXX_LANGUAGE_STANDARD = "gnu++20";
				CLANG_ENABLE_MODULES = YES;
				CLANG_ENABLE_OBJC_ARC = YES;
				CLANG_ENABLE_OBJC_WEAK = YES;
				CLANG_WARN_BLOCK_CAPTURE_AUTORELEASING = YES;
				CLANG_WARN_BOOL_CONVERSION = YES;
				CLANG_WARN_COMMA = YES;
				CLANG_WARN_CONSTANT_CONVERSION = YES;
				CLANG_WARN_DEPRECATED_OBJC_IMPLEMENTATIONS = YES;
				CLANG_WARN_DIRECT_OBJC_ISA_USAGE = YES_ERROR;
				CLANG_WARN_DOCUMENTATION_COMMENTS = YES;
				CLANG_WARN_EMPTY_BODY = YES;
				CLANG_WARN_ENUM_CONVERSION = YES;
				CLANG_WARN_INFINITE_RECURSION = YES;
				CLANG_WARN_INT_CONVERSION = YES;
				CLANG_WARN_NON_LITERAL_NULL_CONVERSION = YES;
				CLANG_WARN_OBJC_IMPLICIT_RETAIN_SELF = YES;
				CLANG_WARN_OBJC_LITERAL_CONVERSION = YES;
				CLANG_WARN_OBJC_ROOT_CLASS = YES_ERROR;
				CLANG_WARN_QUOTED_INCLUDE_IN_FRAMEWORK_HEADER = YES;
				CLANG_WARN_RANGE_LOOP_ANALYSIS = YES;
				CLANG_WARN_STRICT_PROTOTYPES = YES;
				CLANG_WARN_SUSPICIOUS_MOVE = YES;
				CLANG_WARN_UNGUARDED_AVAILABILITY = YES_AGGRESSIVE;
				CLANG_WARN_UNREACHABLE_CODE = YES;
				CLANG_WARN__DUPLICATE_METHOD_MATCH = YES;
				COPY_PHASE_STRIP = NO;
				DEBUG_INFORMATION_FORMAT = "dwarf-with-dsym";
				ENABLE_NS_ASSERTIONS = NO;
				ENABLE_STRICT_OBJC_MSGSEND = YES;
				GCC_C_LANGUAGE_STANDARD = gnu11;
				GCC_NO_COMMON_BLOCKS = YES;
				GCC_WARN_64_TO_32_BIT_CONVERSION = YES;
				GCC_WARN_ABOUT_RETURN_TYPE = YES_ERROR;
				GCC_WARN_UNDECLARED_SELECTOR = YES;
				GCC_WARN_UNINITIALIZED_AUTOS = YES_AGGRESSIVE;
				GCC_WARN_UNUSED_FUNCTION = YES;
				GCC_WARN_UNUSED_VARIABLE = YES;
				IPHONEOS_DEPLOYMENT_TARGET = 16.1;
				MTL_ENABLE_DEBUG_INFO = NO;
				MTL_FAST_MATH = YES;
				SDKROOT = iphoneos;
				SWIFT_COMPILATION_MODE = wholemodule;
				SWIFT_OPTIMIZATION_LEVEL = "-O";
				VALIDATE_PRODUCT = YES;
			};
			name = Release;
		};
		C477E4BF2943FA98002784A1 /* Debug */ = {
			isa = XCBuildConfiguration;
			buildSettings = {
				ASSETCATALOG_COMPILER_APPICON_NAME = AppIcon;
				ASSETCATALOG_COMPILER_GLOBAL_ACCENT_COLOR_NAME = AccentColor;
				CODE_SIGN_STYLE = Automatic;
				CURRENT_PROJECT_VERSION = 1;
				GENERATE_INFOPLIST_FILE = YES;
				INFOPLIST_FILE = StormViewer/Info.plist;
				INFOPLIST_KEY_UIApplicationSupportsIndirectInputEvents = YES;
				INFOPLIST_KEY_UILaunchStoryboardName = LaunchScreen;
				INFOPLIST_KEY_UIMainStoryboardFile = Main;
				INFOPLIST_KEY_UISupportedInterfaceOrientations_iPad = "UIInterfaceOrientationPortrait UIInterfaceOrientationPortraitUpsideDown UIInterfaceOrientationLandscapeLeft UIInterfaceOrientationLandscapeRight";
				INFOPLIST_KEY_UISupportedInterfaceOrientations_iPhone = "UIInterfaceOrientationPortrait UIInterfaceOrientationLandscapeLeft UIInterfaceOrientationLandscapeRight";
				LD_RUNPATH_SEARCH_PATHS = (
					"$(inherited)",
					"@executable_path/Frameworks",
				);
				MARKETING_VERSION = 1.0;
				PRODUCT_BUNDLE_IDENTIFIER = Shu.StormViewer;
				PRODUCT_NAME = "$(TARGET_NAME)";
				SWIFT_EMIT_LOC_STRINGS = YES;
				SWIFT_VERSION = 5.0;
				TARGETED_DEVICE_FAMILY = "1,2";
			};
			name = Debug;
		};
		C477E4C02943FA98002784A1 /* Release */ = {
			isa = XCBuildConfiguration;
			buildSettings = {
				ASSETCATALOG_COMPILER_APPICON_NAME = AppIcon;
				ASSETCATALOG_COMPILER_GLOBAL_ACCENT_COLOR_NAME = AccentColor;
				CODE_SIGN_STYLE = Automatic;
				CURRENT_PROJECT_VERSION = 1;
				GENERATE_INFOPLIST_FILE = YES;
				INFOPLIST_FILE = StormViewer/Info.plist;
				INFOPLIST_KEY_UIApplicationSupportsIndirectInputEvents = YES;
				INFOPLIST_KEY_UILaunchStoryboardName = LaunchScreen;
				INFOPLIST_KEY_UIMainStoryboardFile = Main;
				INFOPLIST_KEY_UISupportedInterfaceOrientations_iPad = "UIInterfaceOrientationPortrait UIInterfaceOrientationPortraitUpsideDown UIInterfaceOrientationLandscapeLeft UIInterfaceOrientationLandscapeRight";
				INFOPLIST_KEY_UISupportedInterfaceOrientations_iPhone = "UIInterfaceOrientationPortrait UIInterfaceOrientationLandscapeLeft UIInterfaceOrientationLandscapeRight";
				LD_RUNPATH_SEARCH_PATHS = (
					"$(inherited)",
					"@executable_path/Frameworks",
				);
				MARKETING_VERSION = 1.0;
				PRODUCT_BUNDLE_IDENTIFIER = Shu.StormViewer;
				PRODUCT_NAME = "$(TARGET_NAME)";
				SWIFT_EMIT_LOC_STRINGS = YES;
				SWIFT_VERSION = 5.0;
				TARGETED_DEVICE_FAMILY = "1,2";
			};
			name = Release;
		};
/* End XCBuildConfiguration section */

/* Begin XCConfigurationList section */
		C477E4A52943FA96002784A1 /* Build configuration list for PBXProject "StormViewer" */ = {
			isa = XCConfigurationList;
			buildConfigurations = (
				C477E4BC2943FA98002784A1 /* Debug */,
				C477E4BD2943FA98002784A1 /* Release */,
			);
			defaultConfigurationIsVisible = 0;
			defaultConfigurationName = Release;
		};
		C477E4BE2943FA98002784A1 /* Build configuration list for PBXNativeTarget "StormViewer" */ = {
			isa = XCConfigurationList;
			buildConfigurations = (
				C477E4BF2943FA98002784A1 /* Debug */,
				C477E4C02943FA98002784A1 /* Release */,
			);
			defaultConfigurationIsVisible = 0;
			defaultConfigurationName = Release;
		};
/* End XCConfigurationList section */
	};
	rootObject = C477E4A22943FA96002784A1 /* Project object */;
}
